
Microsoft Visual Studio Solution File, Format Version 12.00
# Visual Studio Version 17
VisualStudioVersion = 17.14.36202.13 d17.14
MinimumVisualStudioVersion = 10.0.40219.1
Project("{FAE04EC0-301F-11D3-BF4B-00C04F79EFBC}") = "EmployeeManagementSystem", "EmployeeManagementSystem.csproj", "{4F8D163D-27D2-4866-8CB6-D56ED33462C0}"
EndProject
Global
	GlobalSection(SolutionConfigurationPlatforms) = preSolution
		Debug|Any CPU = Debug|Any CPU
		Release|Any CPU = Release|Any CPU
	EndGlobalSection
	GlobalSection(ProjectConfigurationPlatforms) = postSolution
		{4F8D163D-27D2-4866-8CB6-D56ED33462C0}.Debug|Any CPU.ActiveCfg = Debug|Any CPU
		{4F8D163D-27D2-4866-8CB6-D56ED33462C0}.Debug|Any CPU.Build.0 = Debug|Any CPU
		{4F8D163D-27D2-4866-8CB6-D56ED33462C0}.Release|Any CPU.ActiveCfg = Release|Any CPU
		{4F8D163D-27D2-4866-8CB6-D56ED33462C0}.Release|Any CPU.Build.0 = Release|Any CPU
	EndGlobalSection
	GlobalSection(SolutionProperties) = preSolution
		HideSolutionNode = FALSE
	EndGlobalSection
	GlobalSection(ExtensibilityGlobals) = postSolution
		SolutionGuid = {B731426D-0D25-448F-82E5-013B477786C7}
	EndGlobalSection
EndGlobal
